// !$*UTF8*$!
{
	archiveVersion = 1;
	classes = {
	};
	objectVersion = 51;
	objects = {

/* Begin PBXBuildFile section */
		263A42A3255B718B00A8C6B7 /* AppDelegate.swift in Sources */ = {isa = PBXBuildFile; fileRef = 263A42A2255B718B00A8C6B7 /* AppDelegate.swift */; };
		263A42A5255B718B00A8C6B7 /* SceneDelegate.swift in Sources */ = {isa = PBXBuildFile; fileRef = 263A42A4255B718B00A8C6B7 /* SceneDelegate.swift */; };
		263A42AA255B718B00A8C6B7 /* Main.storyboard in Resources */ = {isa = PBXBuildFile; fileRef = 263A42A8255B718B00A8C6B7 /* Main.storyboard */; };
		263A42AC255B718B00A8C6B7 /* Assets.xcassets in Resources */ = {isa = PBXBuildFile; fileRef = 263A42AB255B718B00A8C6B7 /* Assets.xcassets */; };
		263A42AF255B718B00A8C6B7 /* LaunchScreen.storyboard in Resources */ = {isa = PBXBuildFile; fileRef = 263A42AD255B718B00A8C6B7 /* LaunchScreen.storyboard */; };
		263A42BA255B718C00A8C6B7 /* ParstagramTests.swift in Sources */ = {isa = PBXBuildFile; fileRef = 263A42B9255B718C00A8C6B7 /* ParstagramTests.swift */; };
		263A42C5255B718C00A8C6B7 /* ParstagramUITests.swift in Sources */ = {isa = PBXBuildFile; fileRef = 263A42C4255B718C00A8C6B7 /* ParstagramUITests.swift */; };
		2677739E255F59DB00F62225 /* LoginViewController.swift in Sources */ = {isa = PBXBuildFile; fileRef = 2677739D255F59DB00F62225 /* LoginViewController.swift */; };
		267773A3255F59E700F62225 /* FeedViewController.swift in Sources */ = {isa = PBXBuildFile; fileRef = 267773A2255F59E700F62225 /* FeedViewController.swift */; };
		267773A8255F68CF00F62225 /* CameraViewController.swift in Sources */ = {isa = PBXBuildFile; fileRef = 267773A7255F68CF00F62225 /* CameraViewController.swift */; };
		26B2D01B255F9E040092C106 /* PostCell.swift in Sources */ = {isa = PBXBuildFile; fileRef = 26B2D01A255F9E040092C106 /* PostCell.swift */; };
		8D3A10BAA16F57B8DE8C5E3E /* Pods_Parstagram_ParstagramUITests.framework in Frameworks */ = {isa = PBXBuildFile; fileRef = 1E35F3E2ECA6A390BB95AD0E /* Pods_Parstagram_ParstagramUITests.framework */; };
		98C02F22276EB5EF78D1752C /* Pods_ParstagramTests.framework in Frameworks */ = {isa = PBXBuildFile; fileRef = C2E675E3292468493CB7FE11 /* Pods_ParstagramTests.framework */; };
		E0F7F7F352AD7313097A256B /* Pods_Parstagram.framework in Frameworks */ = {isa = PBXBuildFile; fileRef = 0811961651D2DF032EE29538 /* Pods_Parstagram.framework */; };
/* End PBXBuildFile section */

/* Begin PBXContainerItemProxy section */
		263A42B6255B718C00A8C6B7 /* PBXContainerItemProxy */ = {
			isa = PBXContainerItemProxy;
			containerPortal = 263A4297255B718B00A8C6B7 /* Project object */;
			proxyType = 1;
			remoteGlobalIDString = 263A429E255B718B00A8C6B7;
			remoteInfo = Parstagram;
		};
		263A42C1255B718C00A8C6B7 /* PBXContainerItemProxy */ = {
			isa = PBXContainerItemProxy;
			containerPortal = 263A4297255B718B00A8C6B7 /* Project object */;
			proxyType = 1;
			remoteGlobalIDString = 263A429E255B718B00A8C6B7;
			remoteInfo = Parstagram;
		};
/* End PBXContainerItemProxy section */

/* Begin PBXFileReference section */
		039F28209D595B84DCBCB5DA /* Pods-Parstagram-ParstagramUITests.debug.xcconfig */ = {isa = PBXFileReference; includeInIndex = 1; lastKnownFileType = text.xcconfig; name = "Pods-Parstagram-ParstagramUITests.debug.xcconfig"; path = "Target Support Files/Pods-Parstagram-ParstagramUITests/Pods-Parstagram-ParstagramUITests.debug.xcconfig"; sourceTree = "<group>"; };
		0811961651D2DF032EE29538 /* Pods_Parstagram.framework */ = {isa = PBXFileReference; explicitFileType = wrapper.framework; includeInIndex = 0; path = Pods_Parstagram.framework; sourceTree = BUILT_PRODUCTS_DIR; };
		1AD80A1EEF3BEC574EFA095B /* Pods-Parstagram-ParstagramUITests.release.xcconfig */ = {isa = PBXFileReference; includeInIndex = 1; lastKnownFileType = text.xcconfig; name = "Pods-Parstagram-ParstagramUITests.release.xcconfig"; path = "Target Support Files/Pods-Parstagram-ParstagramUITests/Pods-Parstagram-ParstagramUITests.release.xcconfig"; sourceTree = "<group>"; };
		1E35F3E2ECA6A390BB95AD0E /* Pods_Parstagram_ParstagramUITests.framework */ = {isa = PBXFileReference; explicitFileType = wrapper.framework; includeInIndex = 0; path = Pods_Parstagram_ParstagramUITests.framework; sourceTree = BUILT_PRODUCTS_DIR; };
		21BB9142A5047A856B67E5BA /* Pods-Parstagram.debug.xcconfig */ = {isa = PBXFileReference; includeInIndex = 1; lastKnownFileType = text.xcconfig; name = "Pods-Parstagram.debug.xcconfig"; path = "Target Support Files/Pods-Parstagram/Pods-Parstagram.debug.xcconfig"; sourceTree = "<group>"; };
		263A429F255B718B00A8C6B7 /* Parstagram.app */ = {isa = PBXFileReference; explicitFileType = wrapper.application; includeInIndex = 0; path = Parstagram.app; sourceTree = BUILT_PRODUCTS_DIR; };
		263A42A2255B718B00A8C6B7 /* AppDelegate.swift */ = {isa = PBXFileReference; lastKnownFileType = sourcecode.swift; path = AppDelegate.swift; sourceTree = "<group>"; };
		263A42A4255B718B00A8C6B7 /* SceneDelegate.swift */ = {isa = PBXFileReference; lastKnownFileType = sourcecode.swift; path = SceneDelegate.swift; sourceTree = "<group>"; };
		263A42A9255B718B00A8C6B7 /* Base */ = {isa = PBXFileReference; lastKnownFileType = file.storyboard; name = Base; path = Base.lproj/Main.storyboard; sourceTree = "<group>"; };
		263A42AB255B718B00A8C6B7 /* Assets.xcassets */ = {isa = PBXFileReference; lastKnownFileType = folder.assetcatalog; path = Assets.xcassets; sourceTree = "<group>"; };
		263A42AE255B718B00A8C6B7 /* Base */ = {isa = PBXFileReference; lastKnownFileType = file.storyboard; name = Base; path = Base.lproj/LaunchScreen.storyboard; sourceTree = "<group>"; };
		263A42B0255B718B00A8C6B7 /* Info.plist */ = {isa = PBXFileReference; lastKnownFileType = text.plist.xml; path = Info.plist; sourceTree = "<group>"; };
		263A42B5255B718C00A8C6B7 /* ParstagramTests.xctest */ = {isa = PBXFileReference; explicitFileType = wrapper.cfbundle; includeInIndex = 0; path = ParstagramTests.xctest; sourceTree = BUILT_PRODUCTS_DIR; };
		263A42B9255B718C00A8C6B7 /* ParstagramTests.swift */ = {isa = PBXFileReference; lastKnownFileType = sourcecode.swift; path = ParstagramTests.swift; sourceTree = "<group>"; };
		263A42BB255B718C00A8C6B7 /* Info.plist */ = {isa = PBXFileReference; lastKnownFileType = text.plist.xml; path = Info.plist; sourceTree = "<group>"; };
		263A42C0255B718C00A8C6B7 /* ParstagramUITests.xctest */ = {isa = PBXFileReference; explicitFileType = wrapper.cfbundle; includeInIndex = 0; path = ParstagramUITests.xctest; sourceTree = BUILT_PRODUCTS_DIR; };
		263A42C4255B718C00A8C6B7 /* ParstagramUITests.swift */ = {isa = PBXFileReference; lastKnownFileType = sourcecode.swift; path = ParstagramUITests.swift; sourceTree = "<group>"; };
		263A42C6255B718C00A8C6B7 /* Info.plist */ = {isa = PBXFileReference; lastKnownFileType = text.plist.xml; path = Info.plist; sourceTree = "<group>"; };
		2677739D255F59DB00F62225 /* LoginViewController.swift */ = {isa = PBXFileReference; lastKnownFileType = sourcecode.swift; path = LoginViewController.swift; sourceTree = "<group>"; };
		267773A2255F59E700F62225 /* FeedViewController.swift */ = {isa = PBXFileReference; lastKnownFileType = sourcecode.swift; path = FeedViewController.swift; sourceTree = "<group>"; };
		267773A7255F68CF00F62225 /* CameraViewController.swift */ = {isa = PBXFileReference; lastKnownFileType = sourcecode.swift; path = CameraViewController.swift; sourceTree = "<group>"; };
		26B2D01A255F9E040092C106 /* PostCell.swift */ = {isa = PBXFileReference; lastKnownFileType = sourcecode.swift; path = PostCell.swift; sourceTree = "<group>"; };
		47ED5894D63C3454E8563389 /* Pods-ParstagramTests.debug.xcconfig */ = {isa = PBXFileReference; includeInIndex = 1; lastKnownFileType = text.xcconfig; name = "Pods-ParstagramTests.debug.xcconfig"; path = "Target Support Files/Pods-ParstagramTests/Pods-ParstagramTests.debug.xcconfig"; sourceTree = "<group>"; };
		672909B9894287B50BD35008 /* Pods-Parstagram.release.xcconfig */ = {isa = PBXFileReference; includeInIndex = 1; lastKnownFileType = text.xcconfig; name = "Pods-Parstagram.release.xcconfig"; path = "Target Support Files/Pods-Parstagram/Pods-Parstagram.release.xcconfig"; sourceTree = "<group>"; };
		C2E675E3292468493CB7FE11 /* Pods_ParstagramTests.framework */ = {isa = PBXFileReference; explicitFileType = wrapper.framework; includeInIndex = 0; path = Pods_ParstagramTests.framework; sourceTree = BUILT_PRODUCTS_DIR; };
		CBB10FD63F325E84499209C7 /* Pods-ParstagramTests.release.xcconfig */ = {isa = PBXFileReference; includeInIndex = 1; lastKnownFileType = text.xcconfig; name = "Pods-ParstagramTests.release.xcconfig"; path = "Target Support Files/Pods-ParstagramTests/Pods-ParstagramTests.release.xcconfig"; sourceTree = "<group>"; };
/* End PBXFileReference section */

/* Begin PBXFrameworksBuildPhase section */
		263A429C255B718B00A8C6B7 /* Frameworks */ = {
			isa = PBXFrameworksBuildPhase;
			buildActionMask = 2147483647;
			files = (
				E0F7F7F352AD7313097A256B /* Pods_Parstagram.framework in Frameworks */,
			);
			runOnlyForDeploymentPostprocessing = 0;
		};
		263A42B2255B718C00A8C6B7 /* Frameworks */ = {
			isa = PBXFrameworksBuildPhase;
			buildActionMask = 2147483647;
			files = (
				98C02F22276EB5EF78D1752C /* Pods_ParstagramTests.framework in Frameworks */,
			);
			runOnlyForDeploymentPostprocessing = 0;
		};
		263A42BD255B718C00A8C6B7 /* Frameworks */ = {
			isa = PBXFrameworksBuildPhase;
			buildActionMask = 2147483647;
			files = (
				8D3A10BAA16F57B8DE8C5E3E /* Pods_Parstagram_ParstagramUITests.framework in Frameworks */,
			);
			runOnlyForDeploymentPostprocessing = 0;
		};
/* End PBXFrameworksBuildPhase section */

/* Begin PBXGroup section */
		1A5A8CC418546E9043380351 /* Frameworks */ = {
			isa = PBXGroup;
			children = (
				0811961651D2DF032EE29538 /* Pods_Parstagram.framework */,
				1E35F3E2ECA6A390BB95AD0E /* Pods_Parstagram_ParstagramUITests.framework */,
				C2E675E3292468493CB7FE11 /* Pods_ParstagramTests.framework */,
			);
			name = Frameworks;
			sourceTree = "<group>";
		};
		263A4296255B718B00A8C6B7 = {
			isa = PBXGroup;
			children = (
				263A42A1255B718B00A8C6B7 /* Parstagram */,
				263A42B8255B718C00A8C6B7 /* ParstagramTests */,
				263A42C3255B718C00A8C6B7 /* ParstagramUITests */,
				263A42A0255B718B00A8C6B7 /* Products */,
				8857CCAA8D110A758FD81E0E /* Pods */,
				1A5A8CC418546E9043380351 /* Frameworks */,
			);
			sourceTree = "<group>";
		};
		263A42A0255B718B00A8C6B7 /* Products */ = {
			isa = PBXGroup;
			children = (
				263A429F255B718B00A8C6B7 /* Parstagram.app */,
				263A42B5255B718C00A8C6B7 /* ParstagramTests.xctest */,
				263A42C0255B718C00A8C6B7 /* ParstagramUITests.xctest */,
			);
			name = Products;
			sourceTree = "<group>";
		};
		263A42A1255B718B00A8C6B7 /* Parstagram */ = {
			isa = PBXGroup;
			children = (
				263A42A2255B718B00A8C6B7 /* AppDelegate.swift */,
				263A42A4255B718B00A8C6B7 /* SceneDelegate.swift */,
				263A42A8255B718B00A8C6B7 /* Main.storyboard */,
				263A42AB255B718B00A8C6B7 /* Assets.xcassets */,
				263A42AD255B718B00A8C6B7 /* LaunchScreen.storyboard */,
				263A42B0255B718B00A8C6B7 /* Info.plist */,
				2677739D255F59DB00F62225 /* LoginViewController.swift */,
				267773A2255F59E700F62225 /* FeedViewController.swift */,
				267773A7255F68CF00F62225 /* CameraViewController.swift */,
				26B2D01A255F9E040092C106 /* PostCell.swift */,
			);
			path = Parstagram;
			sourceTree = "<group>";
		};
		263A42B8255B718C00A8C6B7 /* ParstagramTests */ = {
			isa = PBXGroup;
			children = (
				263A42B9255B718C00A8C6B7 /* ParstagramTests.swift */,
				263A42BB255B718C00A8C6B7 /* Info.plist */,
			);
			path = ParstagramTests;
			sourceTree = "<group>";
		};
		263A42C3255B718C00A8C6B7 /* ParstagramUITests */ = {
			isa = PBXGroup;
			children = (
				263A42C4255B718C00A8C6B7 /* ParstagramUITests.swift */,
				263A42C6255B718C00A8C6B7 /* Info.plist */,
			);
			path = ParstagramUITests;
			sourceTree = "<group>";
		};
		8857CCAA8D110A758FD81E0E /* Pods */ = {
			isa = PBXGroup;
			children = (
				21BB9142A5047A856B67E5BA /* Pods-Parstagram.debug.xcconfig */,
				672909B9894287B50BD35008 /* Pods-Parstagram.release.xcconfig */,
				039F28209D595B84DCBCB5DA /* Pods-Parstagram-ParstagramUITests.debug.xcconfig */,
				1AD80A1EEF3BEC574EFA095B /* Pods-Parstagram-ParstagramUITests.release.xcconfig */,
				47ED5894D63C3454E8563389 /* Pods-ParstagramTests.debug.xcconfig */,
				CBB10FD63F325E84499209C7 /* Pods-ParstagramTests.release.xcconfig */,
			);
			path = Pods;
			sourceTree = "<group>";
		};
/* End PBXGroup section */

/* Begin PBXNativeTarget section */
		263A429E255B718B00A8C6B7 /* Parstagram */ = {
			isa = PBXNativeTarget;
			buildConfigurationList = 263A42C9255B718C00A8C6B7 /* Build configuration list for PBXNativeTarget "Parstagram" */;
			buildPhases = (
				9FE15ACA6F79B46F1BB219DD /* [CP] Check Pods Manifest.lock */,
				263A429B255B718B00A8C6B7 /* Sources */,
				263A429C255B718B00A8C6B7 /* Frameworks */,
				263A429D255B718B00A8C6B7 /* Resources */,
				97370211B1BC4F3F74E73AA1 /* [CP] Embed Pods Frameworks */,
			);
			buildRules = (
			);
			dependencies = (
			);
			name = Parstagram;
			productName = Parstagram;
			productReference = 263A429F255B718B00A8C6B7 /* Parstagram.app */;
			productType = "com.apple.product-type.application";
		};
		263A42B4255B718C00A8C6B7 /* ParstagramTests */ = {
			isa = PBXNativeTarget;
			buildConfigurationList = 263A42CC255B718C00A8C6B7 /* Build configuration list for PBXNativeTarget "ParstagramTests" */;
			buildPhases = (
				49327FF37C9072ADA32ADD30 /* [CP] Check Pods Manifest.lock */,
				263A42B1255B718C00A8C6B7 /* Sources */,
				263A42B2255B718C00A8C6B7 /* Frameworks */,
				263A42B3255B718C00A8C6B7 /* Resources */,
			);
			buildRules = (
			);
			dependencies = (
				263A42B7255B718C00A8C6B7 /* PBXTargetDependency */,
			);
			name = ParstagramTests;
			productName = ParstagramTests;
			productReference = 263A42B5255B718C00A8C6B7 /* ParstagramTests.xctest */;
			productType = "com.apple.product-type.bundle.unit-test";
		};
		263A42BF255B718C00A8C6B7 /* ParstagramUITests */ = {
			isa = PBXNativeTarget;
			buildConfigurationList = 263A42CF255B718C00A8C6B7 /* Build configuration list for PBXNativeTarget "ParstagramUITests" */;
			buildPhases = (
				1759A185A1CB3324B0317A83 /* [CP] Check Pods Manifest.lock */,
				263A42BC255B718C00A8C6B7 /* Sources */,
				263A42BD255B718C00A8C6B7 /* Frameworks */,
				263A42BE255B718C00A8C6B7 /* Resources */,
				4ECA3A0C6EB37ACF73ECA086 /* [CP] Embed Pods Frameworks */,
			);
			buildRules = (
			);
			dependencies = (
				263A42C2255B718C00A8C6B7 /* PBXTargetDependency */,
			);
			name = ParstagramUITests;
			productName = ParstagramUITests;
			productReference = 263A42C0255B718C00A8C6B7 /* ParstagramUITests.xctest */;
			productType = "com.apple.product-type.bundle.ui-testing";
		};
/* End PBXNativeTarget section */

/* Begin PBXProject section */
		263A4297255B718B00A8C6B7 /* Project object */ = {
			isa = PBXProject;
			attributes = {
				LastSwiftUpdateCheck = 1210;
				LastUpgradeCheck = 1210;
				TargetAttributes = {
					263A429E255B718B00A8C6B7 = {
						CreatedOnToolsVersion = 12.1;
					};
					263A42B4255B718C00A8C6B7 = {
						CreatedOnToolsVersion = 12.1;
						TestTargetID = 263A429E255B718B00A8C6B7;
					};
					263A42BF255B718C00A8C6B7 = {
						CreatedOnToolsVersion = 12.1;
						TestTargetID = 263A429E255B718B00A8C6B7;
					};
				};
			};
			buildConfigurationList = 263A429A255B718B00A8C6B7 /* Build configuration list for PBXProject "Parstagram" */;
			compatibilityVersion = "Xcode 9.3";
			developmentRegion = en;
			hasScannedForEncodings = 0;
			knownRegions = (
				en,
				Base,
			);
			mainGroup = 263A4296255B718B00A8C6B7;
			productRefGroup = 263A42A0255B718B00A8C6B7 /* Products */;
			projectDirPath = "";
			projectRoot = "";
			targets = (
				263A429E255B718B00A8C6B7 /* Parstagram */,
				263A42B4255B718C00A8C6B7 /* ParstagramTests */,
				263A42BF255B718C00A8C6B7 /* ParstagramUITests */,
			);
		};
/* End PBXProject section */

/* Begin PBXResourcesBuildPhase section */
		263A429D255B718B00A8C6B7 /* Resources */ = {
			isa = PBXResourcesBuildPhase;
			buildActionMask = 2147483647;
			files = (
				263A42AF255B718B00A8C6B7 /* LaunchScreen.storyboard in Resources */,
				263A42AC255B718B00A8C6B7 /* Assets.xcassets in Resources */,
				263A42AA255B718B00A8C6B7 /* Main.storyboard in Resources */,
			);
			runOnlyForDeploymentPostprocessing = 0;
		};
		263A42B3255B718C00A8C6B7 /* Resources */ = {
			isa = PBXResourcesBuildPhase;
			buildActionMask = 2147483647;
			files = (
			);
			runOnlyForDeploymentPostprocessing = 0;
		};
		263A42BE255B718C00A8C6B7 /* Resources */ = {
			isa = PBXResourcesBuildPhase;
			buildActionMask = 2147483647;
			files = (
			);
			runOnlyForDeploymentPostprocessing = 0;
		};
/* End PBXResourcesBuildPhase section */

/* Begin PBXShellScriptBuildPhase section */
		1759A185A1CB3324B0317A83 /* [CP] Check Pods Manifest.lock */ = {
			isa = PBXShellScriptBuildPhase;
			buildActionMask = 2147483647;
			files = (
			);
			inputFileListPaths = (
			);
			inputPaths = (
				"${PODS_PODFILE_DIR_PATH}/Podfile.lock",
				"${PODS_ROOT}/Manifest.lock",
			);
			name = "[CP] Check Pods Manifest.lock";
			outputFileListPaths = (
			);
			outputPaths = (
				"$(DERIVED_FILE_DIR)/Pods-Parstagram-ParstagramUITests-checkManifestLockResult.txt",
			);
			runOnlyForDeploymentPostprocessing = 0;
			shellPath = /bin/sh;
			shellScript = "diff \"${PODS_PODFILE_DIR_PATH}/Podfile.lock\" \"${PODS_ROOT}/Manifest.lock\" > /dev/null\nif [ $? != 0 ] ; then\n    # print error to STDERR\n    echo \"error: The sandbox is not in sync with the Podfile.lock. Run 'pod install' or update your CocoaPods installation.\" >&2\n    exit 1\nfi\n# This output is used by Xcode 'outputs' to avoid re-running this script phase.\necho \"SUCCESS\" > \"${SCRIPT_OUTPUT_FILE_0}\"\n";
			showEnvVarsInLog = 0;
		};
		49327FF37C9072ADA32ADD30 /* [CP] Check Pods Manifest.lock */ = {
			isa = PBXShellScriptBuildPhase;
			buildActionMask = 2147483647;
			files = (
			);
			inputFileListPaths = (
			);
			inputPaths = (
				"${PODS_PODFILE_DIR_PATH}/Podfile.lock",
				"${PODS_ROOT}/Manifest.lock",
			);
			name = "[CP] Check Pods Manifest.lock";
			outputFileListPaths = (
			);
			outputPaths = (
				"$(DERIVED_FILE_DIR)/Pods-ParstagramTests-checkManifestLockResult.txt",
			);
			runOnlyForDeploymentPostprocessing = 0;
			shellPath = /bin/sh;
			shellScript = "diff \"${PODS_PODFILE_DIR_PATH}/Podfile.lock\" \"${PODS_ROOT}/Manifest.lock\" > /dev/null\nif [ $? != 0 ] ; then\n    # print error to STDERR\n    echo \"error: The sandbox is not in sync with the Podfile.lock. Run 'pod install' or update your CocoaPods installation.\" >&2\n    exit 1\nfi\n# This output is used by Xcode 'outputs' to avoid re-running this script phase.\necho \"SUCCESS\" > \"${SCRIPT_OUTPUT_FILE_0}\"\n";
			showEnvVarsInLog = 0;
		};
		4ECA3A0C6EB37ACF73ECA086 /* [CP] Embed Pods Frameworks */ = {
			isa = PBXShellScriptBuildPhase;
			buildActionMask = 2147483647;
			files = (
			);
			inputFileListPaths = (
				"${PODS_ROOT}/Target Support Files/Pods-Parstagram-ParstagramUITests/Pods-Parstagram-ParstagramUITests-frameworks-${CONFIGURATION}-input-files.xcfilelist",
			);
			name = "[CP] Embed Pods Frameworks";
			outputFileListPaths = (
				"${PODS_ROOT}/Target Support Files/Pods-Parstagram-ParstagramUITests/Pods-Parstagram-ParstagramUITests-frameworks-${CONFIGURATION}-output-files.xcfilelist",
			);
			runOnlyForDeploymentPostprocessing = 0;
			shellPath = /bin/sh;
			shellScript = "\"${PODS_ROOT}/Target Support Files/Pods-Parstagram-ParstagramUITests/Pods-Parstagram-ParstagramUITests-frameworks.sh\"\n";
			showEnvVarsInLog = 0;
		};
		97370211B1BC4F3F74E73AA1 /* [CP] Embed Pods Frameworks */ = {
			isa = PBXShellScriptBuildPhase;
			buildActionMask = 2147483647;
			files = (
			);
			inputFileListPaths = (
				"${PODS_ROOT}/Target Support Files/Pods-Parstagram/Pods-Parstagram-frameworks-${CONFIGURATION}-input-files.xcfilelist",
			);
			name = "[CP] Embed Pods Frameworks";
			outputFileListPaths = (
				"${PODS_ROOT}/Target Support Files/Pods-Parstagram/Pods-Parstagram-frameworks-${CONFIGURATION}-output-files.xcfilelist",
			);
			runOnlyForDeploymentPostprocessing = 0;
			shellPath = /bin/sh;
			shellScript = "\"${PODS_ROOT}/Target Support Files/Pods-Parstagram/Pods-Parstagram-frameworks.sh\"\n";
			showEnvVarsInLog = 0;
		};
		9FE15ACA6F79B46F1BB219DD /* [CP] Check Pods Manifest.lock */ = {
			isa = PBXShellScriptBuildPhase;
			buildActionMask = 2147483647;
			files = (
			);
			inputFileListPaths = (
			);
			inputPaths = (
				"${PODS_PODFILE_DIR_PATH}/Podfile.lock",
				"${PODS_ROOT}/Manifest.lock",
			);
			name = "[CP] Check Pods Manifest.lock";
			outputFileListPaths = (
			);
			outputPaths = (
				"$(DERIVED_FILE_DIR)/Pods-Parstagram-checkManifestLockResult.txt",
			);
			runOnlyForDeploymentPostprocessing = 0;
			shellPath = /bin/sh;
			shellScript = "diff \"${PODS_PODFILE_DIR_PATH}/Podfile.lock\" \"${PODS_ROOT}/Manifest.lock\" > /dev/null\nif [ $? != 0 ] ; then\n    # print error to STDERR\n    echo \"error: The sandbox is not in sync with the Podfile.lock. Run 'pod install' or update your CocoaPods installation.\" >&2\n    exit 1\nfi\n# This output is used by Xcode 'outputs' to avoid re-running this script phase.\necho \"SUCCESS\" > \"${SCRIPT_OUTPUT_FILE_0}\"\n";
			showEnvVarsInLog = 0;
		};
/* End PBXShellScriptBuildPhase section */

/* Begin PBXSourcesBuildPhase section */
		263A429B255B718B00A8C6B7 /* Sources */ = {
			isa = PBXSourcesBuildPhase;
			buildActionMask = 2147483647;
			files = (
				2677739E255F59DB00F62225 /* LoginViewController.swift in Sources */,
				267773A8255F68CF00F62225 /* CameraViewController.swift in Sources */,
				263A42A3255B718B00A8C6B7 /* AppDelegate.swift in Sources */,
				267773A3255F59E700F62225 /* FeedViewController.swift in Sources */,
				263A42A5255B718B00A8C6B7 /* SceneDelegate.swift in Sources */,
				26B2D01B255F9E040092C106 /* PostCell.swift in Sources */,
			);
			runOnlyForDeploymentPostprocessing = 0;
		};
		263A42B1255B718C00A8C6B7 /* Sources */ = {
			isa = PBXSourcesBuildPhase;
			buildActionMask = 2147483647;
			files = (
				263A42BA255B718C00A8C6B7 /* ParstagramTests.swift in Sources */,
			);
			runOnlyForDeploymentPostprocessing = 0;
		};
		263A42BC255B718C00A8C6B7 /* Sources */ = {
			isa = PBXSourcesBuildPhase;
			buildActionMask = 2147483647;
			files = (
				263A42C5255B718C00A8C6B7 /* ParstagramUITests.swift in Sources */,
			);
			runOnlyForDeploymentPostprocessing = 0;
		};
/* End PBXSourcesBuildPhase section */

/* Begin PBXTargetDependency section */
		263A42B7255B718C00A8C6B7 /* PBXTargetDependency */ = {
			isa = PBXTargetDependency;
			target = 263A429E255B718B00A8C6B7 /* Parstagram */;
			targetProxy = 263A42B6255B718C00A8C6B7 /* PBXContainerItemProxy */;
		};
		263A42C2255B718C00A8C6B7 /* PBXTargetDependency */ = {
			isa = PBXTargetDependency;
			target = 263A429E255B718B00A8C6B7 /* Parstagram */;
			targetProxy = 263A42C1255B718C00A8C6B7 /* PBXContainerItemProxy */;
		};
/* End PBXTargetDependency section */

/* Begin PBXVariantGroup section */
		263A42A8255B718B00A8C6B7 /* Main.storyboard */ = {
			isa = PBXVariantGroup;
			children = (
				263A42A9255B718B00A8C6B7 /* Base */,
			);
			name = Main.storyboard;
			sourceTree = "<group>";
		};
		263A42AD255B718B00A8C6B7 /* LaunchScreen.storyboard */ = {
			isa = PBXVariantGroup;
			children = (
				263A42AE255B718B00A8C6B7 /* Base */,
			);
			name = LaunchScreen.storyboard;
			sourceTree = "<group>";
		};
/* End PBXVariantGroup section */

/* Begin XCBuildConfiguration section */
		263A42C7255B718C00A8C6B7 /* Debug */ = {
			isa = XCBuildConfiguration;
			buildSettings = {
				ALWAYS_SEARCH_USER_PATHS = NO;
				CLANG_ANALYZER_NONNULL = YES;
				CLANG_ANALYZER_NUMBER_OBJECT_CONVERSION = YES_AGGRESSIVE;
				CLANG_CXX_LANGUAGE_STANDARD = "gnu++14";
				CLANG_CXX_LIBRARY = "libc++";
				CLANG_ENABLE_MODULES = YES;
				CLANG_ENABLE_OBJC_ARC = YES;
				CLANG_ENABLE_OBJC_WEAK = YES;
				CLANG_WARN_BLOCK_CAPTURE_AUTORELEASING = YES;
				CLANG_WARN_BOOL_CONVERSION = YES;
				CLANG_WARN_COMMA = YES;
				CLANG_WARN_CONSTANT_CONVERSION = YES;
				CLANG_WARN_DEPRECATED_OBJC_IMPLEMENTATIONS = YES;
				CLANG_WARN_DIRECT_OBJC_ISA_USAGE = YES_ERROR;
				CLANG_WARN_DOCUMENTATION_COMMENTS = YES;
				CLANG_WARN_EMPTY_BODY = YES;
				CLANG_WARN_ENUM_CONVERSION = YES;
				CLANG_WARN_INFINITE_RECURSION = YES;
				CLANG_WARN_INT_CONVERSION = YES;
				CLANG_WARN_NON_LITERAL_NULL_CONVERSION = YES;
				CLANG_WARN_OBJC_IMPLICIT_RETAIN_SELF = YES;
				CLANG_WARN_OBJC_LITERAL_CONVERSION = YES;
				CLANG_WARN_OBJC_ROOT_CLASS = YES_ERROR;
				CLANG_WARN_QUOTED_INCLUDE_IN_FRAMEWORK_HEADER = YES;
				CLANG_WARN_RANGE_LOOP_ANALYSIS = YES;
				CLANG_WARN_STRICT_PROTOTYPES = YES;
				CLANG_WARN_SUSPICIOUS_MOVE = YES;
				CLANG_WARN_UNGUARDED_AVAILABILITY = YES_AGGRESSIVE;
				CLANG_WARN_UNREACHABLE_CODE = YES;
				CLANG_WARN__DUPLICATE_METHOD_MATCH = YES;
				COPY_PHASE_STRIP = NO;
				DEBUG_INFORMATION_FORMAT = dwarf;
				ENABLE_STRICT_OBJC_MSGSEND = YES;
				ENABLE_TESTABILITY = YES;
				GCC_C_LANGUAGE_STANDARD = gnu11;
				GCC_DYNAMIC_NO_PIC = NO;
				GCC_NO_COMMON_BLOCKS = YES;
				GCC_OPTIMIZATION_LEVEL = 0;
				GCC_PREPROCESSOR_DEFINITIONS = (
					"DEBUG=1",
					"$(inherited)",
				);
				GCC_WARN_64_TO_32_BIT_CONVERSION = YES;
				GCC_WARN_ABOUT_RETURN_TYPE = YES_ERROR;
				GCC_WARN_UNDECLARED_SELECTOR = YES;
				GCC_WARN_UNINITIALIZED_AUTOS = YES_AGGRESSIVE;
				GCC_WARN_UNUSED_FUNCTION = YES;
				GCC_WARN_UNUSED_VARIABLE = YES;
				IPHONEOS_DEPLOYMENT_TARGET = 14.1;
				MTL_ENABLE_DEBUG_INFO = INCLUDE_SOURCE;
				MTL_FAST_MATH = YES;
				ONLY_ACTIVE_ARCH = YES;
				SDKROOT = iphoneos;
				SWIFT_ACTIVE_COMPILATION_CONDITIONS = DEBUG;
				SWIFT_OPTIMIZATION_LEVEL = "-Onone";
			};
			name = Debug;
		};
		263A42C8255B718C00A8C6B7 /* Release */ = {
			isa = XCBuildConfiguration;
			buildSettings = {
				ALWAYS_SEARCH_USER_PATHS = NO;
				CLANG_ANALYZER_NONNULL = YES;
				CLANG_ANALYZER_NUMBER_OBJECT_CONVERSION = YES_AGGRESSIVE;
				CLANG_CXX_LANGUAGE_STANDARD = "gnu++14";
				CLANG_CXX_LIBRARY = "libc++";
				CLANG_ENABLE_MODULES = YES;
				CLANG_ENABLE_OBJC_ARC = YES;
				CLANG_ENABLE_OBJC_WEAK = YES;
				CLANG_WARN_BLOCK_CAPTURE_AUTORELEASING = YES;
				CLANG_WARN_BOOL_CONVERSION = YES;
				CLANG_WARN_COMMA = YES;
				CLANG_WARN_CONSTANT_CONVERSION = YES;
				CLANG_WARN_DEPRECATED_OBJC_IMPLEMENTATIONS = YES;
				CLANG_WARN_DIRECT_OBJC_ISA_USAGE = YES_ERROR;
				CLANG_WARN_DOCUMENTATION_COMMENTS = YES;
				CLANG_WARN_EMPTY_BODY = YES;
				CLANG_WARN_ENUM_CONVERSION = YES;
				CLANG_WARN_INFINITE_RECURSION = YES;
				CLANG_WARN_INT_CONVERSION = YES;
				CLANG_WARN_NON_LITERAL_NULL_CONVERSION = YES;
				CLANG_WARN_OBJC_IMPLICIT_RETAIN_SELF = YES;
				CLANG_WARN_OBJC_LITERAL_CONVERSION = YES;
				CLANG_WARN_OBJC_ROOT_CLASS = YES_ERROR;
				CLANG_WARN_QUOTED_INCLUDE_IN_FRAMEWORK_HEADER = YES;
				CLANG_WARN_RANGE_LOOP_ANALYSIS = YES;
				CLANG_WARN_STRICT_PROTOTYPES = YES;
				CLANG_WARN_SUSPICIOUS_MOVE = YES;
				CLANG_WARN_UNGUARDED_AVAILABILITY = YES_AGGRESSIVE;
				CLANG_WARN_UNREACHABLE_CODE = YES;
				CLANG_WARN__DUPLICATE_METHOD_MATCH = YES;
				COPY_PHASE_STRIP = NO;
				DEBUG_INFORMATION_FORMAT = "dwarf-with-dsym";
				ENABLE_NS_ASSERTIONS = NO;
				ENABLE_STRICT_OBJC_MSGSEND = YES;
				GCC_C_LANGUAGE_STANDARD = gnu11;
				GCC_NO_COMMON_BLOCKS = YES;
				GCC_WARN_64_TO_32_BIT_CONVERSION = YES;
				GCC_WARN_ABOUT_RETURN_TYPE = YES_ERROR;
				GCC_WARN_UNDECLARED_SELECTOR = YES;
				GCC_WARN_UNINITIALIZED_AUTOS = YES_AGGRESSIVE;
				GCC_WARN_UNUSED_FUNCTION = YES;
				GCC_WARN_UNUSED_VARIABLE = YES;
				IPHONEOS_DEPLOYMENT_TARGET = 14.1;
				MTL_ENABLE_DEBUG_INFO = NO;
				MTL_FAST_MATH = YES;
				SDKROOT = iphoneos;
				SWIFT_COMPILATION_MODE = wholemodule;
				SWIFT_OPTIMIZATION_LEVEL = "-O";
				VALIDATE_PRODUCT = YES;
			};
			name = Release;
		};
		263A42CA255B718C00A8C6B7 /* Debug */ = {
			isa = XCBuildConfiguration;
			baseConfigurationReference = 21BB9142A5047A856B67E5BA /* Pods-Parstagram.debug.xcconfig */;
			buildSettings = {
				ASSETCATALOG_COMPILER_APPICON_NAME = AppIcon;
				ASSETCATALOG_COMPILER_GLOBAL_ACCENT_COLOR_NAME = AccentColor;
				CODE_SIGN_STYLE = Automatic;
				DEVELOPMENT_TEAM = 7F8483H7W2;
				INFOPLIST_FILE = Parstagram/Info.plist;
				LD_RUNPATH_SEARCH_PATHS = (
					"$(inherited)",
					"@executable_path/Frameworks",
				);
				PRODUCT_BUNDLE_IDENTIFIER = Codepath.Parstagram;
				PRODUCT_NAME = "$(TARGET_NAME)";
				SWIFT_VERSION = 5.0;
				TARGETED_DEVICE_FAMILY = "1,2";
			};
			name = Debug;
		};
		263A42CB255B718C00A8C6B7 /* Release */ = {
			isa = XCBuildConfiguration;
			baseConfigurationReference = 672909B9894287B50BD35008 /* Pods-Parstagram.release.xcconfig */;
			buildSettings = {
				ASSETCATALOG_COMPILER_APPICON_NAME = AppIcon;
				ASSETCATALOG_COMPILER_GLOBAL_ACCENT_COLOR_NAME = AccentColor;
				CODE_SIGN_STYLE = Automatic;
				DEVELOPMENT_TEAM = 7F8483H7W2;
				INFOPLIST_FILE = Parstagram/Info.plist;
				LD_RUNPATH_SEARCH_PATHS = (
					"$(inherited)",
					"@executable_path/Frameworks",
				);
				PRODUCT_BUNDLE_IDENTIFIER = Codepath.Parstagram;
				PRODUCT_NAME = "$(TARGET_NAME)";
				SWIFT_VERSION = 5.0;
				TARGETED_DEVICE_FAMILY = "1,2";
			};
			name = Release;
		};
		263A42CD255B718C00A8C6B7 /* Debug */ = {
			isa = XCBuildConfiguration;
			baseConfigurationReference = 47ED5894D63C3454E8563389 /* Pods-ParstagramTests.debug.xcconfig */;
			buildSettings = {
				ALWAYS_EMBED_SWIFT_STANDARD_LIBRARIES = YES;
				BUNDLE_LOADER = "$(TEST_HOST)";
				CODE_SIGN_STYLE = Automatic;
				DEVELOPMENT_TEAM = 7F8483H7W2;
				INFOPLIST_FILE = ParstagramTests/Info.plist;
				IPHONEOS_DEPLOYMENT_TARGET = 14.1;
				LD_RUNPATH_SEARCH_PATHS = (
					"$(inherited)",
					"@executable_path/Frameworks",
					"@loader_path/Frameworks",
				);
				PRODUCT_BUNDLE_IDENTIFIER = Codepath.ParstagramTests;
				PRODUCT_NAME = "$(TARGET_NAME)";
				SWIFT_VERSION = 5.0;
				TARGETED_DEVICE_FAMILY = "1,2";
				TEST_HOST = "$(BUILT_PRODUCTS_DIR)/Parstagram.app/Parstagram";
			};
			name = Debug;
		};
		263A42CE255B718C00A8C6B7 /* Release */ = {
			isa = XCBuildConfiguration;
			baseConfigurationReference = CBB10FD63F325E84499209C7 /* Pods-ParstagramTests.release.xcconfig */;
			buildSettings = {
				ALWAYS_EMBED_SWIFT_STANDARD_LIBRARIES = YES;
				BUNDLE_LOADER = "$(TEST_HOST)";
				CODE_SIGN_STYLE = Automatic;
				DEVELOPMENT_TEAM = 7F8483H7W2;
				INFOPLIST_FILE = ParstagramTests/Info.plist;
				IPHONEOS_DEPLOYMENT_TARGET = 14.1;
				LD_RUNPATH_SEARCH_PATHS = (
					"$(inherited)",
					"@executable_path/Frameworks",
					"@loader_path/Frameworks",
				);
				PRODUCT_BUNDLE_IDENTIFIER = Codepath.ParstagramTests;
				PRODUCT_NAME = "$(TARGET_NAME)";
				SWIFT_VERSION = 5.0;
				TARGETED_DEVICE_FAMILY = "1,2";
				TEST_HOST = "$(BUILT_PRODUCTS_DIR)/Parstagram.app/Parstagram";
			};
			name = Release;
		};
		263A42D0255B718C00A8C6B7 /* Debug */ = {
			isa = XCBuildConfiguration;
			baseConfigurationReference = 039F28209D595B84DCBCB5DA /* Pods-Parstagram-ParstagramUITests.debug.xcconfig */;
			buildSettings = {
				ALWAYS_EMBED_SWIFT_STANDARD_LIBRARIES = YES;
				CODE_SIGN_STYLE = Automatic;
				DEVELOPMENT_TEAM = 7F8483H7W2;
				INFOPLIST_FILE = ParstagramUITests/Info.plist;
				LD_RUNPATH_SEARCH_PATHS = (
					"$(inherited)",
					"@executable_path/Frameworks",
					"@loader_path/Frameworks",
				);
				PRODUCT_BUNDLE_IDENTIFIER = Codepath.ParstagramUITests;
				PRODUCT_NAME = "$(TARGET_NAME)";
				SWIFT_VERSION = 5.0;
				TARGETED_DEVICE_FAMILY = "1,2";
				TEST_TARGET_NAME = Parstagram;
			};
			name = Debug;
		};
		263A42D1255B718C00A8C6B7 /* Release */ = {
			isa = XCBuildConfiguration;
			baseConfigurationReference = 1AD80A1EEF3BEC574EFA095B /* Pods-Parstagram-ParstagramUITests.release.xcconfig */;
			buildSettings = {
				ALWAYS_EMBED_SWIFT_STANDARD_LIBRARIES = YES;
				CODE_SIGN_STYLE = Automatic;
				DEVELOPMENT_TEAM = 7F8483H7W2;
				INFOPLIST_FILE = ParstagramUITests/Info.plist;
				LD_RUNPATH_SEARCH_PATHS = (
					"$(inherited)",
					"@executable_path/Frameworks",
					"@loader_path/Frameworks",
				);
				PRODUCT_BUNDLE_IDENTIFIER = Codepath.ParstagramUITests;
				PRODUCT_NAME = "$(TARGET_NAME)";
				SWIFT_VERSION = 5.0;
				TARGETED_DEVICE_FAMILY = "1,2";
				TEST_TARGET_NAME = Parstagram;
			};
			name = Release;
		};
/* End XCBuildConfiguration section */

/* Begin XCConfigurationList section */
		263A429A255B718B00A8C6B7 /* Build configuration list for PBXProject "Parstagram" */ = {
			isa = XCConfigurationList;
			buildConfigurations = (
				263A42C7255B718C00A8C6B7 /* Debug */,
				263A42C8255B718C00A8C6B7 /* Release */,
			);
			defaultConfigurationIsVisible = 0;
			defaultConfigurationName = Release;
		};
		263A42C9255B718C00A8C6B7 /* Build configuration list for PBXNativeTarget "Parstagram" */ = {
			isa = XCConfigurationList;
			buildConfigurations = (
				263A42CA255B718C00A8C6B7 /* Debug */,
				263A42CB255B718C00A8C6B7 /* Release */,
			);
			defaultConfigurationIsVisible = 0;
			defaultConfigurationName = Release;
		};
		263A42CC255B718C00A8C6B7 /* Build configuration list for PBXNativeTarget "ParstagramTests" */ = {
			isa = XCConfigurationList;
			buildConfigurations = (
				263A42CD255B718C00A8C6B7 /* Debug */,
				263A42CE255B718C00A8C6B7 /* Release */,
			);
			defaultConfigurationIsVisible = 0;
			defaultConfigurationName = Release;
		};
		263A42CF255B718C00A8C6B7 /* Build configuration list for PBXNativeTarget "ParstagramUITests" */ = {
			isa = XCConfigurationList;
			buildConfigurations = (
				263A42D0255B718C00A8C6B7 /* Debug */,
				263A42D1255B718C00A8C6B7 /* Release */,
			);
			defaultConfigurationIsVisible = 0;
			defaultConfigurationName = Release;
		};
/* End XCConfigurationList section */
	};
	rootObject = 263A4297255B718B00A8C6B7 /* Project object */;
}
